<?xml version="1.0" encoding="UTF-8" standalone="yes" ?>
<CodeBlocks_project_file>
	<FileVersion major="1" minor="6" />
	<Project>
		<Option title="MD5Loader" />
		<Option pch_mode="2" />
		<Option compiler="gcc" />
		<Build>
			<Target title="Debug">
				<Option platforms="Unix;Mac;" />
				<Option output="bin\Debug\MD5Loader" prefix_auto="1" extension_auto="1" />
				<Option object_output="obj\" />
				<Option type="1" />
				<Option compiler="gcc" />
				<Compiler>
					<Add option="-g" />
					<Add option="`sdl2-config --cflags`" />
					<Add option="-D_DEBUG_" />
				</Compiler>
				<Linker>
					<Add option="`sdl2-config --libs`" />
					<Add library="GLEW" />
				</Linker>
			</Target>
			<Target title="Release">
				<Option platforms="Unix;Mac;" />
				<Option output="bin\Release\MD5Loader" prefix_auto="1" extension_auto="1" />
				<Option object_output="obj\" />
				<Option type="1" />
				<Option compiler="gcc" />
				<Compiler>
					<Add option="-O2" />
				</Compiler>
				<Linker>
					<Add option="-s" />
				</Linker>
			</Target>
			<Target title="Debug32">
				<Option output="bin\Debug\MD5Loader" prefix_auto="1" extension_auto="1" />
				<Option object_output="obj\" />
				<Option type="1" />
				<Option compiler="gcc" />
				<Compiler>
					<Add option="-g" />
					<Add option="`sdl2-config --cflags`" />
					<Add option="-D_DEBUG_" />
				</Compiler>
				<Linker>
					<Add library="mingw32" />
					<Add library="sdl2main" />
					<Add library="sdl2" />
					<Add library="glew32" />
					<Add library="opengl32" />
				</Linker>
			</Target>
			<Target title="Release32">
				<Option platforms="Windows;" />
				<Option output="bin\Release\MD5Loader" prefix_auto="1" extension_auto="1" />
				<Option object_output="obj\" />
				<Option type="1" />
				<Option compiler="gcc" />
				<Compiler>
					<Add option="-O2" />
				</Compiler>
				<Linker>
					<Add option="-s" />
				</Linker>
			</Target>
		</Build>
		<Compiler>
			<Add option="-Wall" />
		</Compiler>
		<Unit filename="MD5.cpp" />
		<Unit filename="MD5.h" />
		<Unit filename="Mesh.cpp" />
		<Unit filename="Mesh.h" />
		<Unit filename="Skeleton.cpp" />
		<Unit filename="Skeleton.h" />
		<Unit filename="fragshader.glsl" />
		<Unit filename="fragshader3.glsl" />
		<Unit filename="main.cpp" />
		<Unit filename="vertshader.glsl" />
		<Unit filename="vertshader3.glsl" />
		<Extensions>
			<code_completion />
			<envvars />
			<lib_finder disable_auto="1" />
			<debugger />
		</Extensions>
	</Project>
</CodeBlocks_project_file>
